
Microsoft Visual Studio Solution File, Format Version 12.00
# Visual Studio Version 17
VisualStudioVersion = 17.5.33530.505
MinimumVisualStudioVersion = 10.0.40219.1
Project("{888888A0-9F3D-457C-B088-3A5042F75D52}") = "Null Checker", "Null Checker\Null Checker.pyproj", "{E2593310-4F27-429F-B1BB-6A53DD5B8131}"
EndProject
Global
	GlobalSection(SolutionConfigurationPlatforms) = preSolution
		Debug|Any CPU = Debug|Any CPU
		Release|Any CPU = Release|Any CPU
	EndGlobalSection
	GlobalSection(ProjectConfigurationPlatforms) = postSolution
		{E2593310-4F27-429F-B1BB-6A53DD5B8131}.Debug|Any CPU.ActiveCfg = Debug|Any CPU
		{E2593310-4F27-429F-B1BB-6A53DD5B8131}.Release|Any CPU.ActiveCfg = Release|Any CPU
	EndGlobalSection
	GlobalSection(SolutionProperties) = preSolution
		HideSolutionNode = FALSE
	EndGlobalSection
	GlobalSection(ExtensibilityGlobals) = postSolution
		SolutionGuid = {9067ACD3-7571-4F12-BB12-49AEEB72C661}
	EndGlobalSection
EndGlobal
